lockfileVersion: 5.4

specifiers:
  typescript: ^5.1.3

devDependencies:
  typescript: 5.1.3

packages:

  /typescript/5.1.3:
    resolution: {integrity: sha1-jYQhkkSmtAtvsrM8wcBi9xW56CY=, tarball: typescript/download/typescript-5.1.3.tgz}
    engines: {node: '>=14.17'}
    hasBin: true
    dev: true
